
Microsoft Visual Studio Solution File, Format Version 12.00
# Visual Studio 15
VisualStudioVersion = 15.0.26730.16
MinimumVisualStudioVersion = 10.0.40219.1
Project("{FAE04EC0-301F-11D3-BF4B-00C04F79EFBC}") = "FloSDK", "FloSDK\FloSDK.csproj", "{CFD0776B-277A-4C41-B8B6-E8364AA753E6}"
EndProject
Project("{FAE04EC0-301F-11D3-BF4B-00C04F79EFBC}") = "FloSdkTest", "FloSdkTest\FloSdkTest.csproj", "{560DED24-CC6E-4E35-A42F-A4B6D0832CDD}"
EndProject
Global
	GlobalSection(SolutionConfigurationPlatforms) = preSolution
		Debug|Any CPU = Debug|Any CPU
		Release|Any CPU = Release|Any CPU
	EndGlobalSection
	GlobalSection(ProjectConfigurationPlatforms) = postSolution
		{CFD0776B-277A-4C41-B8B6-E8364AA753E6}.Debug|Any CPU.ActiveCfg = Debug|Any CPU
		{CFD0776B-277A-4C41-B8B6-E8364AA753E6}.Debug|Any CPU.Build.0 = Debug|Any CPU
		{CFD0776B-277A-4C41-B8B6-E8364AA753E6}.Release|Any CPU.ActiveCfg = Release|Any CPU
		{CFD0776B-277A-4C41-B8B6-E8364AA753E6}.Release|Any CPU.Build.0 = Release|Any CPU
		{560DED24-CC6E-4E35-A42F-A4B6D0832CDD}.Debug|Any CPU.ActiveCfg = Debug|Any CPU
		{560DED24-CC6E-4E35-A42F-A4B6D0832CDD}.Debug|Any CPU.Build.0 = Debug|Any CPU
		{560DED24-CC6E-4E35-A42F-A4B6D0832CDD}.Release|Any CPU.ActiveCfg = Release|Any CPU
		{560DED24-CC6E-4E35-A42F-A4B6D0832CDD}.Release|Any CPU.Build.0 = Release|Any CPU
	EndGlobalSection
	GlobalSection(SolutionProperties) = preSolution
		HideSolutionNode = FALSE
	EndGlobalSection
	GlobalSection(ExtensibilityGlobals) = postSolution
		SolutionGuid = {3E836A6D-57B3-49F3-88F8-90AA34CE5934}
	EndGlobalSection
EndGlobal
